{
    "version": 3,
    "terraform_version": "0.11.8",
    "serial": 10,
    "lineage": "fbaa75c5-3dbd-3c01-8a83-8ca89abddaff",
    "modules": [
        {
            "path": [
                "root"
            ],
            "outputs": {},
            "resources": {
                "google_compute_instance.ca": {
                    "type": "google_compute_instance",
                    "depends_on": [],
                    "primary": {
                        "id": "ca",
                        "attributes": {
                            "attached_disk.#": "0",
                            "boot_disk.#": "1",
                            "boot_disk.0.auto_delete": "true",
                            "boot_disk.0.device_name": "persistent-disk-0",
                            "boot_disk.0.disk_encryption_key_raw": "",
                            "boot_disk.0.disk_encryption_key_sha256": "",
                            "boot_disk.0.initialize_params.#": "1",
                            "boot_disk.0.initialize_params.0.image": "https://www.googleapis.com/compute/v1/projects/debian-cloud/global/images/debian-9-stretch-v20181011",
                            "boot_disk.0.initialize_params.0.size": "10",
                            "boot_disk.0.initialize_params.0.type": "pd-standard",
                            "boot_disk.0.source": "https://www.googleapis.com/compute/v1/projects/fintelics-219722/zones/asia-east2-a/disks/ca",
                            "can_ip_forward": "false",
                            "cpu_platform": "Intel Skylake",
                            "create_timeout": "4",
                            "deletion_protection": "false",
                            "guest_accelerator.#": "0",
                            "id": "ca",
                            "instance_id": "7773949356993247480",
                            "label_fingerprint": "42WmSpB8rSM=",
                            "labels.%": "0",
                            "machine_type": "n1-standard-1",
                            "metadata.%": "1",
                            "metadata.startup-script": "        #!bin/sh\ncd home\n#Set up the repository \nsudo apt-get update\nsudo apt-get install \\\n     apt-transport-https \\\n     ca-certificates \\\n     curl \\\n     gnupg2 \\\n     software-properties-common \u003c\u003c-EOF\nY\nEOF\ncurl -fsSL https://download.docker.com/linux/debian/gpg | sudo apt-key add -\nsudo add-apt-repository \\\n   \"deb [arch=amd64] https://download.docker.com/linux/debian \\\n   $(lsb_release -cs) \\\n   stable\"\n# install docker ce\nsudo apt-get update\nsudo apt-get install docker-ce \u003c\u003c-EOF\nY\nEOF\n#Add user into admin so that sudo is not necessary anymore to run docker\nsudo usermod -aG docker $USER\n#Can avoid using sudo temporarily, but once after ssh, it still needs to execute it again and re-enter the terminal page\n#for the rest, pulling image from the docker-hub and run it detached \ndocker run -d hyperledger/fabric-ca\n# when reach here, it should be supposed that docker has already been installed\n# run hello-world check \n\n\n\n\n\n\n \n    ",
                            "metadata_fingerprint": "PFjyvh8ZmHk=",
                            "min_cpu_platform": "",
                            "name": "ca",
                            "network_interface.#": "1",
                            "network_interface.0.access_config.#": "1",
                            "network_interface.0.access_config.0.assigned_nat_ip": "35.241.91.32",
                            "network_interface.0.access_config.0.nat_ip": "35.241.91.32",
                            "network_interface.0.access_config.0.network_tier": "PREMIUM",
                            "network_interface.0.access_config.0.public_ptr_domain_name": "",
                            "network_interface.0.address": "10.170.0.2",
                            "network_interface.0.alias_ip_range.#": "0",
                            "network_interface.0.name": "nic0",
                            "network_interface.0.network": "https://www.googleapis.com/compute/v1/projects/fintelics-219722/global/networks/fabric-network",
                            "network_interface.0.network_ip": "10.170.0.2",
                            "network_interface.0.subnetwork": "https://www.googleapis.com/compute/v1/projects/fintelics-219722/regions/asia-east2/subnetworks/fabric-network",
                            "network_interface.0.subnetwork_project": "fintelics-219722",
                            "project": "fintelics-219722",
                            "scheduling.#": "1",
                            "scheduling.0.automatic_restart": "false",
                            "scheduling.0.on_host_maintenance": "MIGRATE",
                            "scheduling.0.preemptible": "false",
                            "scratch_disk.#": "1",
                            "scratch_disk.0.interface": "SCSI",
                            "self_link": "https://www.googleapis.com/compute/v1/projects/fintelics-219722/zones/asia-east2-a/instances/ca",
                            "service_account.#": "0",
                            "tags.#": "0",
                            "tags_fingerprint": "42WmSpB8rSM=",
                            "zone": "asia-east2-a"
                        },
                        "meta": {
                            "e2bfb730-ecaa-11e6-8f88-34363bc7c4c0": {
                                "create": 360000000000,
                                "delete": 360000000000,
                                "update": 360000000000
                            },
                            "schema_version": "6"
                        },
                        "tainted": false
                    },
                    "deposed": [],
                    "provider": "provider.google"
                },
                "google_compute_instance.cli": {
                    "type": "google_compute_instance",
                    "depends_on": [],
                    "primary": {
                        "id": "cli",
                        "attributes": {
                            "attached_disk.#": "0",
                            "boot_disk.#": "1",
                            "boot_disk.0.auto_delete": "true",
                            "boot_disk.0.device_name": "persistent-disk-0",
                            "boot_disk.0.disk_encryption_key_raw": "",
                            "boot_disk.0.disk_encryption_key_sha256": "",
                            "boot_disk.0.initialize_params.#": "1",
                            "boot_disk.0.initialize_params.0.image": "https://www.googleapis.com/compute/v1/projects/debian-cloud/global/images/debian-9-stretch-v20181011",
                            "boot_disk.0.initialize_params.0.size": "10",
                            "boot_disk.0.initialize_params.0.type": "pd-standard",
                            "boot_disk.0.source": "https://www.googleapis.com/compute/v1/projects/fintelics-219722/zones/us-central1-a/disks/cli",
                            "can_ip_forward": "false",
                            "cpu_platform": "Intel Sandy Bridge",
                            "create_timeout": "4",
                            "deletion_protection": "false",
                            "guest_accelerator.#": "0",
                            "id": "cli",
                            "instance_id": "4293159928756271351",
                            "label_fingerprint": "42WmSpB8rSM=",
                            "labels.%": "0",
                            "machine_type": "n1-standard-1",
                            "metadata.%": "1",
                            "metadata.startup-script": "        #!bin/sh\ncd home\n#Set up the repository \nsudo apt-get update\nsudo apt-get install \\\n     apt-transport-https \\\n     ca-certificates \\\n     curl \\\n     gnupg2 \\\n     software-properties-common \u003c\u003c-EOF\nY\nEOF\ncurl -fsSL https://download.docker.com/linux/debian/gpg | sudo apt-key add -\nsudo add-apt-repository \\\n   \"deb [arch=amd64] https://download.docker.com/linux/debian \\\n   $(lsb_release -cs) \\\n   stable\"\n# install docker ce\nsudo apt-get update\nsudo apt-get install docker-ce \u003c\u003c-EOF\nY\nEOF\n#Add user into admin so that sudo is not necessary anymore to run docker\nsudo usermod -aG docker $USER\n#Can avoid using sudo temporarily, but once after ssh, it still needs to execute it again and re-enter the terminal page\n#for the rest, pulling image from the docker-hub and run it detached \ndocker run -d hyperledger/fabric-tools\n# when reach here, it should be supposed that docker has already been installed\n# run hello-world check \n\n\n\n\n\n\n \n    ",
                            "metadata_fingerprint": "fCJ5pJAiwjs=",
                            "min_cpu_platform": "",
                            "name": "cli",
                            "network_interface.#": "1",
                            "network_interface.0.access_config.#": "1",
                            "network_interface.0.access_config.0.assigned_nat_ip": "35.193.51.56",
                            "network_interface.0.access_config.0.nat_ip": "35.193.51.56",
                            "network_interface.0.access_config.0.network_tier": "PREMIUM",
                            "network_interface.0.access_config.0.public_ptr_domain_name": "",
                            "network_interface.0.address": "10.128.0.5",
                            "network_interface.0.alias_ip_range.#": "0",
                            "network_interface.0.name": "nic0",
                            "network_interface.0.network": "https://www.googleapis.com/compute/v1/projects/fintelics-219722/global/networks/fabric-network",
                            "network_interface.0.network_ip": "10.128.0.5",
                            "network_interface.0.subnetwork": "https://www.googleapis.com/compute/v1/projects/fintelics-219722/regions/us-central1/subnetworks/fabric-network",
                            "network_interface.0.subnetwork_project": "fintelics-219722",
                            "project": "fintelics-219722",
                            "scheduling.#": "1",
                            "scheduling.0.automatic_restart": "false",
                            "scheduling.0.on_host_maintenance": "MIGRATE",
                            "scheduling.0.preemptible": "false",
                            "scratch_disk.#": "1",
                            "scratch_disk.0.interface": "SCSI",
                            "self_link": "https://www.googleapis.com/compute/v1/projects/fintelics-219722/zones/us-central1-a/instances/cli",
                            "service_account.#": "0",
                            "tags.#": "0",
                            "tags_fingerprint": "42WmSpB8rSM=",
                            "zone": "us-central1-a"
                        },
                        "meta": {
                            "e2bfb730-ecaa-11e6-8f88-34363bc7c4c0": {
                                "create": 360000000000,
                                "delete": 360000000000,
                                "update": 360000000000
                            },
                            "schema_version": "6"
                        },
                        "tainted": false
                    },
                    "deposed": [],
                    "provider": "provider.google"
                },
                "google_compute_instance.couchDB0": {
                    "type": "google_compute_instance",
                    "depends_on": [],
                    "primary": {
                        "id": "couch0",
                        "attributes": {
                            "attached_disk.#": "0",
                            "boot_disk.#": "1",
                            "boot_disk.0.auto_delete": "true",
                            "boot_disk.0.device_name": "persistent-disk-0",
                            "boot_disk.0.disk_encryption_key_raw": "",
                            "boot_disk.0.disk_encryption_key_sha256": "",
                            "boot_disk.0.initialize_params.#": "1",
                            "boot_disk.0.initialize_params.0.image": "https://www.googleapis.com/compute/v1/projects/debian-cloud/global/images/debian-9-stretch-v20181011",
                            "boot_disk.0.initialize_params.0.size": "10",
                            "boot_disk.0.initialize_params.0.type": "pd-standard",
                            "boot_disk.0.source": "https://www.googleapis.com/compute/v1/projects/fintelics-219722/zones/us-central1-a/disks/couch0",
                            "can_ip_forward": "false",
                            "cpu_platform": "Intel Sandy Bridge",
                            "create_timeout": "4",
                            "deletion_protection": "false",
                            "guest_accelerator.#": "0",
                            "id": "couch0",
                            "instance_id": "4337734860290750712",
                            "label_fingerprint": "42WmSpB8rSM=",
                            "labels.%": "0",
                            "machine_type": "n1-standard-1",
                            "metadata.%": "1",
                            "metadata.startup-script": "        #!bin/sh\ncd home\n#Set up the repository \nsudo apt-get update\nsudo apt-get install \\\n     apt-transport-https \\\n     ca-certificates \\\n     curl \\\n     gnupg2 \\\n     software-properties-common \u003c\u003c-EOF\nY\nEOF\ncurl -fsSL https://download.docker.com/linux/debian/gpg | sudo apt-key add -\nsudo add-apt-repository \\\n   \"deb [arch=amd64] https://download.docker.com/linux/debian \\\n   $(lsb_release -cs) \\\n   stable\"\n# install docker ce\nsudo apt-get update\nsudo apt-get install docker-ce \u003c\u003c-EOF\nY\nEOF\n#Add user into admin so that sudo is not necessary anymore to run docker\nsudo usermod -aG docker $USER\n#Can avoid using sudo temporarily, but once after ssh, it still needs to execute it again and re-enter the terminal page\n#for the rest, pulling image from the docker-hub and run it detached \ndocker run -d hyperledger/fabric-couchdb\n# when reach here, it should be supposed that docker has already been installed\n# run hello-world check \n\n\n\n\n\n\n \n    ",
                            "metadata_fingerprint": "soBTyEybX5E=",
                            "min_cpu_platform": "",
                            "name": "couch0",
                            "network_interface.#": "1",
                            "network_interface.0.access_config.#": "1",
                            "network_interface.0.access_config.0.assigned_nat_ip": "35.202.83.220",
                            "network_interface.0.access_config.0.nat_ip": "35.202.83.220",
                            "network_interface.0.access_config.0.network_tier": "PREMIUM",
                            "network_interface.0.access_config.0.public_ptr_domain_name": "",
                            "network_interface.0.address": "10.128.0.3",
                            "network_interface.0.alias_ip_range.#": "0",
                            "network_interface.0.name": "nic0",
                            "network_interface.0.network": "https://www.googleapis.com/compute/v1/projects/fintelics-219722/global/networks/fabric-network",
                            "network_interface.0.network_ip": "10.128.0.3",
                            "network_interface.0.subnetwork": "https://www.googleapis.com/compute/v1/projects/fintelics-219722/regions/us-central1/subnetworks/fabric-network",
                            "network_interface.0.subnetwork_project": "fintelics-219722",
                            "project": "fintelics-219722",
                            "scheduling.#": "1",
                            "scheduling.0.automatic_restart": "false",
                            "scheduling.0.on_host_maintenance": "MIGRATE",
                            "scheduling.0.preemptible": "false",
                            "scratch_disk.#": "1",
                            "scratch_disk.0.interface": "SCSI",
                            "self_link": "https://www.googleapis.com/compute/v1/projects/fintelics-219722/zones/us-central1-a/instances/couch0",
                            "service_account.#": "0",
                            "tags.#": "0",
                            "tags_fingerprint": "42WmSpB8rSM=",
                            "zone": "us-central1-a"
                        },
                        "meta": {
                            "e2bfb730-ecaa-11e6-8f88-34363bc7c4c0": {
                                "create": 360000000000,
                                "delete": 360000000000,
                                "update": 360000000000
                            },
                            "schema_version": "6"
                        },
                        "tainted": false
                    },
                    "deposed": [],
                    "provider": "provider.google"
                },
                "google_compute_instance.couchDB1": {
                    "type": "google_compute_instance",
                    "depends_on": [],
                    "primary": {
                        "id": "couch1",
                        "attributes": {
                            "attached_disk.#": "0",
                            "boot_disk.#": "1",
                            "boot_disk.0.auto_delete": "true",
                            "boot_disk.0.device_name": "persistent-disk-0",
                            "boot_disk.0.disk_encryption_key_raw": "",
                            "boot_disk.0.disk_encryption_key_sha256": "",
                            "boot_disk.0.initialize_params.#": "1",
                            "boot_disk.0.initialize_params.0.image": "https://www.googleapis.com/compute/v1/projects/debian-cloud/global/images/debian-9-stretch-v20181011",
                            "boot_disk.0.initialize_params.0.size": "10",
                            "boot_disk.0.initialize_params.0.type": "pd-standard",
                            "boot_disk.0.source": "https://www.googleapis.com/compute/v1/projects/fintelics-219722/zones/us-central1-a/disks/couch1",
                            "can_ip_forward": "false",
                            "cpu_platform": "Intel Sandy Bridge",
                            "create_timeout": "4",
                            "deletion_protection": "false",
                            "guest_accelerator.#": "0",
                            "id": "couch1",
                            "instance_id": "2473718070279239928",
                            "label_fingerprint": "42WmSpB8rSM=",
                            "labels.%": "0",
                            "machine_type": "n1-standard-1",
                            "metadata.%": "1",
                            "metadata.startup-script": "        #!bin/sh\ncd home\n#Set up the repository \nsudo apt-get update\nsudo apt-get install \\\n     apt-transport-https \\\n     ca-certificates \\\n     curl \\\n     gnupg2 \\\n     software-properties-common \u003c\u003c-EOF\nY\nEOF\ncurl -fsSL https://download.docker.com/linux/debian/gpg | sudo apt-key add -\nsudo add-apt-repository \\\n   \"deb [arch=amd64] https://download.docker.com/linux/debian \\\n   $(lsb_release -cs) \\\n   stable\"\n# install docker ce\nsudo apt-get update\nsudo apt-get install docker-ce \u003c\u003c-EOF\nY\nEOF\n#Add user into admin so that sudo is not necessary anymore to run docker\nsudo usermod -aG docker $USER\n#Can avoid using sudo temporarily, but once after ssh, it still needs to execute it again and re-enter the terminal page\n#for the rest, pulling image from the docker-hub and run it detached \ndocker run -d hyperledger/fabric-couchdb\n# when reach here, it should be supposed that docker has already been installed\n# run hello-world check \n\n\n\n\n\n\n \n    ",
                            "metadata_fingerprint": "soBTyEybX5E=",
                            "min_cpu_platform": "",
                            "name": "couch1",
                            "network_interface.#": "1",
                            "network_interface.0.access_config.#": "1",
                            "network_interface.0.access_config.0.assigned_nat_ip": "104.198.26.126",
                            "network_interface.0.access_config.0.nat_ip": "104.198.26.126",
                            "network_interface.0.access_config.0.network_tier": "PREMIUM",
                            "network_interface.0.access_config.0.public_ptr_domain_name": "",
                            "network_interface.0.address": "10.128.0.4",
                            "network_interface.0.alias_ip_range.#": "0",
                            "network_interface.0.name": "nic0",
                            "network_interface.0.network": "https://www.googleapis.com/compute/v1/projects/fintelics-219722/global/networks/fabric-network",
                            "network_interface.0.network_ip": "10.128.0.4",
                            "network_interface.0.subnetwork": "https://www.googleapis.com/compute/v1/projects/fintelics-219722/regions/us-central1/subnetworks/fabric-network",
                            "network_interface.0.subnetwork_project": "fintelics-219722",
                            "project": "fintelics-219722",
                            "scheduling.#": "1",
                            "scheduling.0.automatic_restart": "false",
                            "scheduling.0.on_host_maintenance": "MIGRATE",
                            "scheduling.0.preemptible": "false",
                            "scratch_disk.#": "1",
                            "scratch_disk.0.interface": "SCSI",
                            "self_link": "https://www.googleapis.com/compute/v1/projects/fintelics-219722/zones/us-central1-a/instances/couch1",
                            "service_account.#": "0",
                            "tags.#": "0",
                            "tags_fingerprint": "42WmSpB8rSM=",
                            "zone": "us-central1-a"
                        },
                        "meta": {
                            "e2bfb730-ecaa-11e6-8f88-34363bc7c4c0": {
                                "create": 360000000000,
                                "delete": 360000000000,
                                "update": 360000000000
                            },
                            "schema_version": "6"
                        },
                        "tainted": false
                    },
                    "deposed": [],
                    "provider": "provider.google"
                },
                "google_compute_instance.orderer0": {
                    "type": "google_compute_instance",
                    "depends_on": [],
                    "primary": {
                        "id": "orderer0",
                        "attributes": {
                            "attached_disk.#": "0",
                            "boot_disk.#": "1",
                            "boot_disk.0.auto_delete": "true",
                            "boot_disk.0.device_name": "persistent-disk-0",
                            "boot_disk.0.disk_encryption_key_raw": "",
                            "boot_disk.0.disk_encryption_key_sha256": "",
                            "boot_disk.0.initialize_params.#": "1",
                            "boot_disk.0.initialize_params.0.image": "https://www.googleapis.com/compute/v1/projects/debian-cloud/global/images/debian-9-stretch-v20181011",
                            "boot_disk.0.initialize_params.0.size": "10",
                            "boot_disk.0.initialize_params.0.type": "pd-standard",
                            "boot_disk.0.source": "https://www.googleapis.com/compute/v1/projects/fintelics-219722/zones/asia-east1-a/disks/orderer0",
                            "can_ip_forward": "false",
                            "cpu_platform": "Intel Ivy Bridge",
                            "create_timeout": "4",
                            "deletion_protection": "false",
                            "guest_accelerator.#": "0",
                            "id": "orderer0",
                            "instance_id": "4254875831525275896",
                            "label_fingerprint": "42WmSpB8rSM=",
                            "labels.%": "0",
                            "machine_type": "n1-standard-1",
                            "metadata.%": "1",
                            "metadata.startup-script": "        #!bin/sh\ncd home\n#Set up the repository \nsudo apt-get update\nsudo apt-get install \\\n     apt-transport-https \\\n     ca-certificates \\\n     curl \\\n     gnupg2 \\\n     software-properties-common \u003c\u003c-EOF\nY\nEOF\ncurl -fsSL https://download.docker.com/linux/debian/gpg | sudo apt-key add -\nsudo add-apt-repository \\\n   \"deb [arch=amd64] https://download.docker.com/linux/debian \\\n   $(lsb_release -cs) \\\n   stable\"\n# install docker ce\nsudo apt-get update\nsudo apt-get install docker-ce \u003c\u003c-EOF\nY\nEOF\n#Add user into admin so that sudo is not necessary anymore to run docker\nsudo usermod -aG docker $USER\n#Can avoid using sudo temporarily, but once after ssh, it still needs to execute it again and re-enter the terminal page\n#for the rest, pulling image from the docker-hub and run it detached \ndocker run -d hyperledger/fabric-orderer\n# when reach here, it should be supposed that docker has already been installed\n# run hello-world check \n\n\n\n\n\n\n \n    ",
                            "metadata_fingerprint": "5ORq_WYeoCg=",
                            "min_cpu_platform": "",
                            "name": "orderer0",
                            "network_interface.#": "1",
                            "network_interface.0.access_config.#": "1",
                            "network_interface.0.access_config.0.assigned_nat_ip": "35.189.168.208",
                            "network_interface.0.access_config.0.nat_ip": "35.189.168.208",
                            "network_interface.0.access_config.0.network_tier": "PREMIUM",
                            "network_interface.0.access_config.0.public_ptr_domain_name": "",
                            "network_interface.0.address": "10.140.0.3",
                            "network_interface.0.alias_ip_range.#": "0",
                            "network_interface.0.name": "nic0",
                            "network_interface.0.network": "https://www.googleapis.com/compute/v1/projects/fintelics-219722/global/networks/fabric-network",
                            "network_interface.0.network_ip": "10.140.0.3",
                            "network_interface.0.subnetwork": "https://www.googleapis.com/compute/v1/projects/fintelics-219722/regions/asia-east1/subnetworks/fabric-network",
                            "network_interface.0.subnetwork_project": "fintelics-219722",
                            "project": "fintelics-219722",
                            "scheduling.#": "1",
                            "scheduling.0.automatic_restart": "false",
                            "scheduling.0.on_host_maintenance": "MIGRATE",
                            "scheduling.0.preemptible": "false",
                            "scratch_disk.#": "1",
                            "scratch_disk.0.interface": "SCSI",
                            "self_link": "https://www.googleapis.com/compute/v1/projects/fintelics-219722/zones/asia-east1-a/instances/orderer0",
                            "service_account.#": "0",
                            "tags.#": "0",
                            "tags_fingerprint": "42WmSpB8rSM=",
                            "zone": "asia-east1-a"
                        },
                        "meta": {
                            "e2bfb730-ecaa-11e6-8f88-34363bc7c4c0": {
                                "create": 360000000000,
                                "delete": 360000000000,
                                "update": 360000000000
                            },
                            "schema_version": "6"
                        },
                        "tainted": false
                    },
                    "deposed": [],
                    "provider": "provider.google"
                },
                "google_compute_instance.peer0": {
                    "type": "google_compute_instance",
                    "depends_on": [],
                    "primary": {
                        "id": "peer0",
                        "attributes": {
                            "attached_disk.#": "0",
                            "boot_disk.#": "1",
                            "boot_disk.0.auto_delete": "true",
                            "boot_disk.0.device_name": "persistent-disk-0",
                            "boot_disk.0.disk_encryption_key_raw": "",
                            "boot_disk.0.disk_encryption_key_sha256": "",
                            "boot_disk.0.initialize_params.#": "1",
                            "boot_disk.0.initialize_params.0.image": "https://www.googleapis.com/compute/v1/projects/debian-cloud/global/images/debian-9-stretch-v20181011",
                            "boot_disk.0.initialize_params.0.size": "10",
                            "boot_disk.0.initialize_params.0.type": "pd-standard",
                            "boot_disk.0.source": "https://www.googleapis.com/compute/v1/projects/fintelics-219722/zones/us-central1-a/disks/peer0",
                            "can_ip_forward": "false",
                            "cpu_platform": "Intel Sandy Bridge",
                            "create_timeout": "4",
                            "deletion_protection": "false",
                            "guest_accelerator.#": "0",
                            "id": "peer0",
                            "instance_id": "5129653944078137592",
                            "label_fingerprint": "42WmSpB8rSM=",
                            "labels.%": "0",
                            "machine_type": "n1-standard-1",
                            "metadata.%": "1",
                            "metadata.startup-script": "        #!bin/sh\ncd home\n#Set up the repository \nsudo apt-get update\nsudo apt-get install \\\n     apt-transport-https \\\n     ca-certificates \\\n     curl \\\n     gnupg2 \\\n     software-properties-common \u003c\u003c-EOF\nY\nEOF\ncurl -fsSL https://download.docker.com/linux/debian/gpg | sudo apt-key add -\nsudo add-apt-repository \\\n   \"deb [arch=amd64] https://download.docker.com/linux/debian \\\n   $(lsb_release -cs) \\\n   stable\"\n# install docker ce\nsudo apt-get update\nsudo apt-get install docker-ce \u003c\u003c-EOF\nY\nEOF\n#Add user into admin so that sudo is not necessary anymore to run docker\nsudo usermod -aG docker $USER\n#Can avoid using sudo temporarily, but once after ssh, it still needs to execute it again and re-enter the terminal page\n#for the rest, pulling image from the docker-hub and run it detached \ndocker run -d hyperledger/fabric-peer \n# when reach here, it should be supposed that docker has already been installed\n# run hello-world check \n\n\n\n\n\n\n \n    ",
                            "metadata_fingerprint": "VOxPCwlJWDA=",
                            "min_cpu_platform": "",
                            "name": "peer0",
                            "network_interface.#": "1",
                            "network_interface.0.access_config.#": "1",
                            "network_interface.0.access_config.0.assigned_nat_ip": "35.193.68.217",
                            "network_interface.0.access_config.0.nat_ip": "35.193.68.217",
                            "network_interface.0.access_config.0.network_tier": "PREMIUM",
                            "network_interface.0.access_config.0.public_ptr_domain_name": "",
                            "network_interface.0.address": "10.128.0.2",
                            "network_interface.0.alias_ip_range.#": "0",
                            "network_interface.0.name": "nic0",
                            "network_interface.0.network": "https://www.googleapis.com/compute/v1/projects/fintelics-219722/global/networks/fabric-network",
                            "network_interface.0.network_ip": "10.128.0.2",
                            "network_interface.0.subnetwork": "https://www.googleapis.com/compute/v1/projects/fintelics-219722/regions/us-central1/subnetworks/fabric-network",
                            "network_interface.0.subnetwork_project": "fintelics-219722",
                            "project": "fintelics-219722",
                            "scheduling.#": "1",
                            "scheduling.0.automatic_restart": "false",
                            "scheduling.0.on_host_maintenance": "MIGRATE",
                            "scheduling.0.preemptible": "false",
                            "scratch_disk.#": "1",
                            "scratch_disk.0.interface": "SCSI",
                            "self_link": "https://www.googleapis.com/compute/v1/projects/fintelics-219722/zones/us-central1-a/instances/peer0",
                            "service_account.#": "0",
                            "tags.#": "0",
                            "tags_fingerprint": "42WmSpB8rSM=",
                            "zone": "us-central1-a"
                        },
                        "meta": {
                            "e2bfb730-ecaa-11e6-8f88-34363bc7c4c0": {
                                "create": 360000000000,
                                "delete": 360000000000,
                                "update": 360000000000
                            },
                            "schema_version": "6"
                        },
                        "tainted": false
                    },
                    "deposed": [],
                    "provider": "provider.google"
                }
            },
            "depends_on": []
        }
    ]
}
