{
    "version": 3,
    "terraform_version": "0.11.8",
    "serial": 31,
    "lineage": "c1b7be66-f1d2-c2f6-d9de-ec58ebe0683f",
    "modules": [
        {
            "path": [
                "root"
            ],
            "outputs": {
                "ip": {
                    "sensitive": false,
                    "type": "string",
                    "value": "ec2-52-87-236-20.compute-1.amazonaws.com"
                }
            },
            "resources": {
                "aws_instance.example": {
                    "type": "aws_instance",
                    "depends_on": [],
                    "primary": {
                        "id": "i-0cf0ec6be0b35b646",
                        "attributes": {
                            "ami": "ami-2757f631",
                            "arn": "arn:aws:ec2:us-east-1:826422214117:instance/i-0cf0ec6be0b35b646",
                            "associate_public_ip_address": "true",
                            "availability_zone": "us-east-1a",
                            "cpu_core_count": "1",
                            "cpu_threads_per_core": "1",
                            "credit_specification.#": "1",
                            "credit_specification.0.cpu_credits": "standard",
                            "disable_api_termination": "false",
                            "ebs_block_device.#": "0",
                            "ebs_optimized": "false",
                            "ephemeral_block_device.#": "0",
                            "get_password_data": "false",
                            "iam_instance_profile": "",
                            "id": "i-0cf0ec6be0b35b646",
                            "instance_state": "running",
                            "instance_type": "t2.micro",
                            "ipv6_addresses.#": "0",
                            "key_name": "ine",
                            "monitoring": "false",
                            "network_interface.#": "0",
                            "network_interface_id": "eni-05615560921221e70",
                            "password_data": "",
                            "placement_group": "",
                            "primary_network_interface_id": "eni-05615560921221e70",
                            "private_dns": "ip-172-31-81-134.ec2.internal",
                            "private_ip": "172.31.81.134",
                            "public_dns": "ec2-54-205-39-169.compute-1.amazonaws.com",
                            "public_ip": "54.205.39.169",
                            "root_block_device.#": "1",
                            "root_block_device.0.delete_on_termination": "true",
                            "root_block_device.0.iops": "100",
                            "root_block_device.0.volume_id": "vol-0823af81944a6e372",
                            "root_block_device.0.volume_size": "8",
                            "root_block_device.0.volume_type": "gp2",
                            "security_groups.#": "1",
                            "security_groups.1497495614": "stuff",
                            "source_dest_check": "true",
                            "subnet_id": "subnet-584ac176",
                            "tags.%": "0",
                            "tenancy": "default",
                            "volume_tags.%": "0",
                            "vpc_security_group_ids.#": "1",
                            "vpc_security_group_ids.4156983291": "sg-036cb77176ce92f80"
                        },
                        "meta": {
                            "e2bfb730-ecaa-11e6-8f88-34363bc7c4c0": {
                                "create": 600000000000,
                                "delete": 1200000000000,
                                "update": 600000000000
                            },
                            "schema_version": "1"
                        },
                        "tainted": true
                    },
                    "deposed": [],
                    "provider": "provider.aws"
                },
                "aws_s3_bucket.b": {
                    "type": "aws_s3_bucket",
                    "depends_on": [],
                    "primary": {
                        "id": "fintelics666",
                        "attributes": {
                            "acceleration_status": "",
                            "acl": "private",
                            "arn": "arn:aws:s3:::fintelics666",
                            "bucket": "fintelics666",
                            "bucket_domain_name": "fintelics666.s3.amazonaws.com",
                            "bucket_regional_domain_name": "fintelics666.s3.amazonaws.com",
                            "cors_rule.#": "0",
                            "force_destroy": "false",
                            "hosted_zone_id": "Z3AQBSTGFYJSTF",
                            "id": "fintelics666",
                            "lifecycle_rule.#": "0",
                            "logging.#": "0",
                            "region": "us-east-1",
                            "replication_configuration.#": "0",
                            "request_payer": "BucketOwner",
                            "server_side_encryption_configuration.#": "0",
                            "tags.%": "0",
                            "versioning.#": "1",
                            "versioning.0.enabled": "false",
                            "versioning.0.mfa_delete": "false",
                            "website.#": "0"
                        },
                        "meta": {},
                        "tainted": false
                    },
                    "deposed": [],
                    "provider": "provider.aws"
                },
                "aws_s3_bucket_object.a": {
                    "type": "aws_s3_bucket_object",
                    "depends_on": [],
                    "primary": {
                        "id": "test",
                        "attributes": {
                            "acl": "private",
                            "bucket": "fintelics666",
                            "cache_control": "",
                            "content_disposition": "",
                            "content_encoding": "",
                            "content_language": "",
                            "content_type": "binary/octet-stream",
                            "etag": "b8902e1f8c786d6d990d71712a294618",
                            "id": "test",
                            "key": "test",
                            "server_side_encryption": "",
                            "source": "test.txt",
                            "storage_class": "STANDARD",
                            "tags.%": "0",
                            "version_id": "",
                            "website_redirect": ""
                        },
                        "meta": {},
                        "tainted": false
                    },
                    "deposed": [],
                    "provider": "provider.aws"
                },
                "azurerm_resource_group.network": {
                    "type": "azurerm_resource_group",
                    "depends_on": [],
                    "primary": {
                        "id": "/subscriptions/0e9147cd-8100-4e07-9ea8-dac9f3d9b4e0/resourceGroups/production",
                        "attributes": {
                            "id": "/subscriptions/0e9147cd-8100-4e07-9ea8-dac9f3d9b4e0/resourceGroups/production",
                            "location": "westus",
                            "name": "production",
                            "tags.%": "0"
                        },
                        "meta": {},
                        "tainted": false
                    },
                    "deposed": [],
                    "provider": "provider.azurerm"
                },
                "google_compute_instance.default": {
                    "type": "google_compute_instance",
                    "depends_on": [],
                    "primary": {
                        "id": "one",
                        "attributes": {
                            "attached_disk.#": "0",
                            "boot_disk.#": "1",
                            "boot_disk.0.auto_delete": "true",
                            "boot_disk.0.device_name": "persistent-disk-0",
                            "boot_disk.0.disk_encryption_key_raw": "",
                            "boot_disk.0.disk_encryption_key_sha256": "",
                            "boot_disk.0.initialize_params.#": "1",
                            "boot_disk.0.initialize_params.0.image": "https://www.googleapis.com/compute/v1/projects/debian-cloud/global/images/debian-9-stretch-v20181011",
                            "boot_disk.0.initialize_params.0.size": "10",
                            "boot_disk.0.initialize_params.0.type": "pd-standard",
                            "boot_disk.0.source": "https://www.googleapis.com/compute/v1/projects/fintelics-219722/zones/us-central1-a/disks/one",
                            "can_ip_forward": "false",
                            "cpu_platform": "Intel Sandy Bridge",
                            "create_timeout": "4",
                            "deletion_protection": "false",
                            "guest_accelerator.#": "0",
                            "id": "one",
                            "instance_id": "7730687663247862761",
                            "label_fingerprint": "42WmSpB8rSM=",
                            "labels.%": "0",
                            "machine_type": "n1-standard-1",
                            "metadata.%": "1",
                            "metadata.startup-script": "      #!bin/sh\ncd home\necho \"hi\" \u003e halo.txt\n\n#Set up the repository \nsudo apt-get update\nsudo apt-get install \\\n     apt-transport-https \\\n     ca-certificates \\\n     curl \\\n     gnupg2 \\\n     software-properties-common \u003c\u003c-EOF\nY\nEOF\ncurl -fsSL https://download.docker.com/linux/debian/gpg | sudo apt-key add -\nsudo add-apt-repository \\\n   \"deb [arch=amd64] https://download.docker.com/linux/debian \\\n   $(lsb_release -cs) \\\n   stable\"\n# install docker ce\nsudo apt-get update\nsudo apt-get install docker-ce \u003c\u003c-EOF\nY\nEOF\n#Add user into admin so that sudo is not necessary anymore to run docker\nsudo usermod -aG docker $USER\n#Can avoid using sudo temporarily, but once after ssh, it still needs to execute it again and re-enter the terminal page\n#for the rest, pulling image from the docker-hub and run it detached \ndocker run -d hyperledger/fabric-peer \n# when reach here, it should be supposed that docker has already been installed\n# run hello-world check \n\n\n\n\n\n\n \n    ",
                            "metadata_fingerprint": "E35NGe57mmM=",
                            "min_cpu_platform": "",
                            "name": "one",
                            "network_interface.#": "1",
                            "network_interface.0.access_config.#": "1",
                            "network_interface.0.access_config.0.assigned_nat_ip": "35.225.173.188",
                            "network_interface.0.access_config.0.nat_ip": "35.225.173.188",
                            "network_interface.0.access_config.0.network_tier": "PREMIUM",
                            "network_interface.0.access_config.0.public_ptr_domain_name": "",
                            "network_interface.0.address": "10.128.0.2",
                            "network_interface.0.alias_ip_range.#": "0",
                            "network_interface.0.name": "nic0",
                            "network_interface.0.network": "https://www.googleapis.com/compute/v1/projects/fintelics-219722/global/networks/default",
                            "network_interface.0.network_ip": "10.128.0.2",
                            "network_interface.0.subnetwork": "https://www.googleapis.com/compute/v1/projects/fintelics-219722/regions/us-central1/subnetworks/default",
                            "network_interface.0.subnetwork_project": "fintelics-219722",
                            "project": "fintelics-219722",
                            "scheduling.#": "1",
                            "scheduling.0.automatic_restart": "false",
                            "scheduling.0.on_host_maintenance": "MIGRATE",
                            "scheduling.0.preemptible": "false",
                            "scratch_disk.#": "1",
                            "scratch_disk.0.interface": "SCSI",
                            "self_link": "https://www.googleapis.com/compute/v1/projects/fintelics-219722/zones/us-central1-a/instances/one",
                            "service_account.#": "1",
                            "service_account.0.email": "454825742557-compute@developer.gserviceaccount.com",
                            "service_account.0.scopes.#": "3",
                            "service_account.0.scopes.1632638332": "https://www.googleapis.com/auth/devstorage.read_only",
                            "service_account.0.scopes.2428168921": "https://www.googleapis.com/auth/userinfo.email",
                            "service_account.0.scopes.2862113455": "https://www.googleapis.com/auth/compute.readonly",
                            "tags.#": "2",
                            "tags.1996459178": "bar",
                            "tags.2356372769": "foo",
                            "tags_fingerprint": "1gqCRgrww4E=",
                            "zone": "us-central1-a"
                        },
                        "meta": {
                            "e2bfb730-ecaa-11e6-8f88-34363bc7c4c0": {
                                "create": 360000000000,
                                "delete": 360000000000,
                                "update": 360000000000
                            },
                            "schema_version": "6"
                        },
                        "tainted": false
                    },
                    "deposed": [],
                    "provider": "provider.google"
                }
            },
            "depends_on": []
        }
    ]
}
